
Microsoft Visual Studio Solution File, Format Version 12.00
# Visual Studio Version 17
VisualStudioVersion = 17.5.33530.505
MinimumVisualStudioVersion = 10.0.40219.1
Project("{FAE04EC0-301F-11D3-BF4B-00C04F79EFBC}") = "Bob_Bot", "Bob_Bot\Bob_Bot.csproj", "{A7A017D5-AB79-4A75-8901-0499BC12AC82}"
EndProject
Global
	GlobalSection(SolutionConfigurationPlatforms) = preSolution
		Debug|Any CPU = Debug|Any CPU
		Release|Any CPU = Release|Any CPU
	EndGlobalSection
	GlobalSection(ProjectConfigurationPlatforms) = postSolution
		{A7A017D5-AB79-4A75-8901-0499BC12AC82}.Debug|Any CPU.ActiveCfg = Debug|Any CPU
		{A7A017D5-AB79-4A75-8901-0499BC12AC82}.Debug|Any CPU.Build.0 = Debug|Any CPU
		{A7A017D5-AB79-4A75-8901-0499BC12AC82}.Release|Any CPU.ActiveCfg = Release|Any CPU
		{A7A017D5-AB79-4A75-8901-0499BC12AC82}.Release|Any CPU.Build.0 = Release|Any CPU
	EndGlobalSection
	GlobalSection(SolutionProperties) = preSolution
		HideSolutionNode = FALSE
	EndGlobalSection
	GlobalSection(ExtensibilityGlobals) = postSolution
		SolutionGuid = {9E74CA03-01BA-4089-8D51-5B7406618E87}
	EndGlobalSection
EndGlobal
